
Microsoft Visual Studio Solution File, Format Version 12.00
# Visual Studio Version 16
VisualStudioVersion = 16.0.31402.337
MinimumVisualStudioVersion = 10.0.40219.1
Project("{FAE04EC0-301F-11D3-BF4B-00C04F79EFBC}") = "MyApp", "MyApp.csproj", "{FB049624-6AC7-4899-A09F-BB179A510FAC}"
EndProject
Global
	GlobalSection(SolutionConfigurationPlatforms) = preSolution
		Debug|Any CPU = Debug|Any CPU
		Release|Any CPU = Release|Any CPU
	EndGlobalSection
	GlobalSection(ProjectConfigurationPlatforms) = postSolution
		{FB049624-6AC7-4899-A09F-BB179A510FAC}.Debug|Any CPU.ActiveCfg = Debug|Any CPU
		{FB049624-6AC7-4899-A09F-BB179A510FAC}.Debug|Any CPU.Build.0 = Debug|Any CPU
		{FB049624-6AC7-4899-A09F-BB179A510FAC}.Release|Any CPU.ActiveCfg = Release|Any CPU
		{FB049624-6AC7-4899-A09F-BB179A510FAC}.Release|Any CPU.Build.0 = Release|Any CPU
	EndGlobalSection
	GlobalSection(SolutionProperties) = preSolution
		HideSolutionNode = FALSE
	EndGlobalSection
	GlobalSection(ExtensibilityGlobals) = postSolution
		SolutionGuid = {6417AA0D-561E-4EE9-86F2-A62C7981484B}
	EndGlobalSection
EndGlobal
