
Microsoft Visual Studio Solution File, Format Version 12.00
# Visual Studio Version 16
VisualStudioVersion = 16.0.31321.278
MinimumVisualStudioVersion = 10.0.40219.1
Project("{FAE04EC0-301F-11D3-BF4B-00C04F79EFBC}") = "Exercises1", "Exercises1\Exercises1.csproj", "{929F1029-E7D6-4D72-A1F8-5818F0FED215}"
EndProject
Global
	GlobalSection(SolutionConfigurationPlatforms) = preSolution
		Debug|Any CPU = Debug|Any CPU
		Release|Any CPU = Release|Any CPU
	EndGlobalSection
	GlobalSection(ProjectConfigurationPlatforms) = postSolution
		{929F1029-E7D6-4D72-A1F8-5818F0FED215}.Debug|Any CPU.ActiveCfg = Debug|Any CPU
		{929F1029-E7D6-4D72-A1F8-5818F0FED215}.Debug|Any CPU.Build.0 = Debug|Any CPU
		{929F1029-E7D6-4D72-A1F8-5818F0FED215}.Release|Any CPU.ActiveCfg = Release|Any CPU
		{929F1029-E7D6-4D72-A1F8-5818F0FED215}.Release|Any CPU.Build.0 = Release|Any CPU
	EndGlobalSection
	GlobalSection(SolutionProperties) = preSolution
		HideSolutionNode = FALSE
	EndGlobalSection
	GlobalSection(ExtensibilityGlobals) = postSolution
		SolutionGuid = {95D35952-BCCB-45BF-AF94-2525F656D581}
	EndGlobalSection
EndGlobal
