
Microsoft Visual Studio Solution File, Format Version 12.00
# Visual Studio Version 16
VisualStudioVersion = 16.0.31410.357
MinimumVisualStudioVersion = 10.0.40219.1
Project("{FAE04EC0-301F-11D3-BF4B-00C04F79EFBC}") = "RazerApp", "RazerApp.csproj", "{001FBB56-9B8A-47C7-A79C-B9AA78DD60EB}"
EndProject
Global
	GlobalSection(SolutionConfigurationPlatforms) = preSolution
		Debug|Any CPU = Debug|Any CPU
		Release|Any CPU = Release|Any CPU
	EndGlobalSection
	GlobalSection(ProjectConfigurationPlatforms) = postSolution
		{001FBB56-9B8A-47C7-A79C-B9AA78DD60EB}.Debug|Any CPU.ActiveCfg = Debug|Any CPU
		{001FBB56-9B8A-47C7-A79C-B9AA78DD60EB}.Debug|Any CPU.Build.0 = Debug|Any CPU
		{001FBB56-9B8A-47C7-A79C-B9AA78DD60EB}.Release|Any CPU.ActiveCfg = Release|Any CPU
		{001FBB56-9B8A-47C7-A79C-B9AA78DD60EB}.Release|Any CPU.Build.0 = Release|Any CPU
	EndGlobalSection
	GlobalSection(SolutionProperties) = preSolution
		HideSolutionNode = FALSE
	EndGlobalSection
	GlobalSection(ExtensibilityGlobals) = postSolution
		SolutionGuid = {F188E13F-826C-4DFC-A55B-FEBC35FF7EF0}
	EndGlobalSection
EndGlobal
