
Microsoft Visual Studio Solution File, Format Version 12.00
# Visual Studio Version 16
VisualStudioVersion = 16.0.31410.357
MinimumVisualStudioVersion = 10.0.40219.1
Project("{FAE04EC0-301F-11D3-BF4B-00C04F79EFBC}") = "BookAPI", "BookAPI\BookAPI.csproj", "{9DB3AA9B-B0AE-4006-AB73-D46DDB273B6E}"
EndProject
Global
	GlobalSection(SolutionConfigurationPlatforms) = preSolution
		Debug|Any CPU = Debug|Any CPU
		Release|Any CPU = Release|Any CPU
	EndGlobalSection
	GlobalSection(ProjectConfigurationPlatforms) = postSolution
		{9DB3AA9B-B0AE-4006-AB73-D46DDB273B6E}.Debug|Any CPU.ActiveCfg = Debug|Any CPU
		{9DB3AA9B-B0AE-4006-AB73-D46DDB273B6E}.Debug|Any CPU.Build.0 = Debug|Any CPU
		{9DB3AA9B-B0AE-4006-AB73-D46DDB273B6E}.Release|Any CPU.ActiveCfg = Release|Any CPU
		{9DB3AA9B-B0AE-4006-AB73-D46DDB273B6E}.Release|Any CPU.Build.0 = Release|Any CPU
	EndGlobalSection
	GlobalSection(SolutionProperties) = preSolution
		HideSolutionNode = FALSE
	EndGlobalSection
	GlobalSection(ExtensibilityGlobals) = postSolution
		SolutionGuid = {AD6620BF-A28E-4E19-9BFB-453EA68C3AEE}
	EndGlobalSection
EndGlobal
