
Microsoft Visual Studio Solution File, Format Version 12.00
# Visual Studio Version 16
VisualStudioVersion = 16.0.31410.357
MinimumVisualStudioVersion = 10.0.40219.1
Project("{FAE04EC0-301F-11D3-BF4B-00C04F79EFBC}") = "MVCCricketApp", "MVCCricketApp.csproj", "{A0FF88E0-9911-4FFB-903E-FB0290E42CE8}"
EndProject
Global
	GlobalSection(SolutionConfigurationPlatforms) = preSolution
		Debug|Any CPU = Debug|Any CPU
		Release|Any CPU = Release|Any CPU
	EndGlobalSection
	GlobalSection(ProjectConfigurationPlatforms) = postSolution
		{A0FF88E0-9911-4FFB-903E-FB0290E42CE8}.Debug|Any CPU.ActiveCfg = Debug|Any CPU
		{A0FF88E0-9911-4FFB-903E-FB0290E42CE8}.Debug|Any CPU.Build.0 = Debug|Any CPU
		{A0FF88E0-9911-4FFB-903E-FB0290E42CE8}.Release|Any CPU.ActiveCfg = Release|Any CPU
		{A0FF88E0-9911-4FFB-903E-FB0290E42CE8}.Release|Any CPU.Build.0 = Release|Any CPU
	EndGlobalSection
	GlobalSection(SolutionProperties) = preSolution
		HideSolutionNode = FALSE
	EndGlobalSection
	GlobalSection(ExtensibilityGlobals) = postSolution
		SolutionGuid = {C8AB2386-67E1-4FF2-863C-D2A40A2BECA7}
	EndGlobalSection
EndGlobal
