
Microsoft Visual Studio Solution File, Format Version 12.00
# Visual Studio Version 16
VisualStudioVersion = 16.0.31402.337
MinimumVisualStudioVersion = 10.0.40219.1
Project("{FAE04EC0-301F-11D3-BF4B-00C04F79EFBC}") = "ChallengeApp", "ChallengeApp.csproj", "{DD53DFD0-620C-4C95-A126-CE3EAD55F520}"
EndProject
Global
	GlobalSection(SolutionConfigurationPlatforms) = preSolution
		Debug|Any CPU = Debug|Any CPU
		Release|Any CPU = Release|Any CPU
	EndGlobalSection
	GlobalSection(ProjectConfigurationPlatforms) = postSolution
		{DD53DFD0-620C-4C95-A126-CE3EAD55F520}.Debug|Any CPU.ActiveCfg = Debug|Any CPU
		{DD53DFD0-620C-4C95-A126-CE3EAD55F520}.Debug|Any CPU.Build.0 = Debug|Any CPU
		{DD53DFD0-620C-4C95-A126-CE3EAD55F520}.Release|Any CPU.ActiveCfg = Release|Any CPU
		{DD53DFD0-620C-4C95-A126-CE3EAD55F520}.Release|Any CPU.Build.0 = Release|Any CPU
	EndGlobalSection
	GlobalSection(SolutionProperties) = preSolution
		HideSolutionNode = FALSE
	EndGlobalSection
	GlobalSection(ExtensibilityGlobals) = postSolution
		SolutionGuid = {E64F32B5-78C9-44DA-B28D-28AA650630FE}
	EndGlobalSection
EndGlobal
